
Microsoft Visual Studio Solution File, Format Version 12.00
# Visual Studio Version 17
VisualStudioVersion = 17.1.32210.238
MinimumVisualStudioVersion = 10.0.40219.1
Project("{2150E333-8FDC-42A3-9474-1A3956D46DE8}") = "1 - Lib", "1 - Lib", "{5A54C753-2DBC-4A80-9A0D-6131AC571C4F}"
EndProject
Project("{2150E333-8FDC-42A3-9474-1A3956D46DE8}") = "2 - Api", "2 - Api", "{2900F52A-B859-4847-B200-EE797878537A}"
EndProject
Project("{2150E333-8FDC-42A3-9474-1A3956D46DE8}") = "3 - WebApp", "3 - WebApp", "{C93577A8-D2E8-4354-A157-D48BBD973B1B}"
EndProject
Project("{2150E333-8FDC-42A3-9474-1A3956D46DE8}") = "4 - Test", "4 - Test", "{AEBB9A2C-820A-4452-92D6-0442DD2848E5}"
EndProject
Project("{2150E333-8FDC-42A3-9474-1A3956D46DE8}") = "3.1 - Lib", "3.1 - Lib", "{C5547983-1A2F-4FE6-BFCB-1F184AFE51B5}"
EndProject
Project("{2150E333-8FDC-42A3-9474-1A3956D46DE8}") = "3.2 - Api", "3.2 - Api", "{DF3AEF5B-C446-4779-9CC8-03CCB94F572C}"
EndProject
Project("{2150E333-8FDC-42A3-9474-1A3956D46DE8}") = "3.3 - App", "3.3 - App", "{889BC47D-685B-41C2-89DD-8896A0358E78}"
EndProject
Project("{2150E333-8FDC-42A3-9474-1A3956D46DE8}") = "3.0 - Tools", "3.0 - Tools", "{63559018-838E-4A7A-B389-1CFF7C5838BB}"
EndProject
Project("{2150E333-8FDC-42A3-9474-1A3956D46DE8}") = "2.1 - Application", "2.1 - Application", "{F6236C8A-81B9-4922-ACE9-FAB834A55E28}"
EndProject
Project("{2150E333-8FDC-42A3-9474-1A3956D46DE8}") = "2.2 - Domain", "2.2 - Domain", "{A0221B1A-074A-422E-870F-832B9143066C}"
EndProject
Project("{2150E333-8FDC-42A3-9474-1A3956D46DE8}") = "2.3 - Infra", "2.3 - Infra", "{BDAEF59C-5EE5-4F7F-B572-38D3D9191F40}"
EndProject
Project("{2150E333-8FDC-42A3-9474-1A3956D46DE8}") = "3.1 - Application", "3.1 - Application", "{384BD453-0532-4CDC-896F-C071A3894CC6}"
EndProject
Project("{2150E333-8FDC-42A3-9474-1A3956D46DE8}") = "3.2 - Domain", "3.2 - Domain", "{783C84D2-ED04-44DC-B818-0218FE4CE6D2}"
EndProject
Project("{2150E333-8FDC-42A3-9474-1A3956D46DE8}") = "3.3 - Infra", "3.3 - Infra", "{B6FCD619-880A-4ED0-8505-1ACAAFAC60BA}"
EndProject
Project("{2150E333-8FDC-42A3-9474-1A3956D46DE8}") = "3.2.1 - Application", "3.2.1 - Application", "{FB6B71E3-129C-427E-BDE1-657D960CE833}"
EndProject
Project("{2150E333-8FDC-42A3-9474-1A3956D46DE8}") = "3.2.2 - Domain", "3.2.2 - Domain", "{3A253788-5FA9-44C1-B1F6-E6C45D756C8C}"
EndProject
Project("{2150E333-8FDC-42A3-9474-1A3956D46DE8}") = "3.2.3 - Infra", "3.2.3 - Infra", "{C5AB3A28-99B8-4CE2-9034-BD613636E36F}"
EndProject
Project("{2150E333-8FDC-42A3-9474-1A3956D46DE8}") = "3.3.2 - Domain", "3.3.2 - Domain", "{98074CE1-67B0-4533-BF92-40A585065BAB}"
EndProject
Project("{2150E333-8FDC-42A3-9474-1A3956D46DE8}") = "3.3.3 - Infra", "3.3.3 - Infra", "{865029F4-2D3E-457F-B403-0D381F2D5529}"
EndProject
Project("{9A19103F-16F7-4668-BE54-9A1E7A4F7556}") = "Lib.Contract", "src\Lib.Contract\Lib.Contract.csproj", "{BC5C0E63-8166-4BDA-B795-BF11FC8DB8F9}"
EndProject
Project("{9A19103F-16F7-4668-BE54-9A1E7A4F7556}") = "Api.Application", "src\Api.Application\Api.Application.csproj", "{9E392F36-25B8-4F61-87D1-D2366E58A812}"
EndProject
Project("{9A19103F-16F7-4668-BE54-9A1E7A4F7556}") = "Api.Domain", "src\Api.Domain\Api.Domain.csproj", "{757677ED-E331-4F3E-ADD4-D499FD32B08E}"
EndProject
Project("{9A19103F-16F7-4668-BE54-9A1E7A4F7556}") = "Api.Infra.Data", "src\Api.Infra.Data\Api.Infra.Data.csproj", "{43FBE584-ECFC-43D9-A15A-C6CDB099DFE8}"
EndProject
Project("{9A19103F-16F7-4668-BE54-9A1E7A4F7556}") = "Api.Infra.Crosscuting", "src\Api.Infra.Crosscuting\Api.Infra.Crosscuting.csproj", "{BB1C51CF-DED8-4BE4-99E2-DF363F594321}"
EndProject
Project("{9A19103F-16F7-4668-BE54-9A1E7A4F7556}") = "App.Domain", "src\App.Domain\App.Domain.csproj", "{991AD875-FE20-458F-86A9-B0388AD0EC5D}"
EndProject
Project("{9A19103F-16F7-4668-BE54-9A1E7A4F7556}") = "App.Infra.Service", "src\App.Infra.Service\App.Infra.Service.csproj", "{30AE656C-FB1B-48FC-8C97-A2CBA8702592}"
EndProject
Project("{9A19103F-16F7-4668-BE54-9A1E7A4F7556}") = "App.Infra.Crosscuting", "src\App.Infra.Crosscuting\App.Infra.Crosscuting.csproj", "{72060A55-9029-4FA6-8B7A-0C40E95E1F40}"
EndProject
Project("{9A19103F-16F7-4668-BE54-9A1E7A4F7556}") = "App.Application", "src\App.Application\App.Application.csproj", "{68DD8299-0A55-4D77-8B00-05384A0AABF5}"
EndProject
Project("{9A19103F-16F7-4668-BE54-9A1E7A4F7556}") = "Test.Tools", "test\Test.Tools\Test.Tools.csproj", "{F922B11F-7301-4B5A-9081-37A0886C61DE}"
EndProject
Project("{9A19103F-16F7-4668-BE54-9A1E7A4F7556}") = "Lib.Contract.Test.Unit", "test\Lib.Contract.Test.Unit\Lib.Contract.Test.Unit.csproj", "{D1CCC513-418B-4AC9-B5A5-855264BCABC1}"
EndProject
Project("{9A19103F-16F7-4668-BE54-9A1E7A4F7556}") = "Api.Domain.Test.Unit", "test\Api.Domain.Test.Unit\Api.Domain.Test.Unit.csproj", "{DD4A9A39-A354-4132-B6BC-8482C932160B}"
EndProject
Project("{9A19103F-16F7-4668-BE54-9A1E7A4F7556}") = "App.Domain.Test.Unit", "test\App.Domain.Test.Unit\App.Domain.Test.Unit.csproj", "{06ED945E-7AF0-4CF8-834E-D1DD1E78B55B}"
EndProject
Project("{9A19103F-16F7-4668-BE54-9A1E7A4F7556}") = "Api.Domain.Core", "src\Api.Domain.Core\Api.Domain.Core.csproj", "{2909067F-432D-4DD2-90DF-425CAD258979}"
EndProject
Project("{9A19103F-16F7-4668-BE54-9A1E7A4F7556}") = "Api.Infra.Data.Test.Integration", "test\Api.Infra.Data.Test.Integration\Api.Infra.Data.Test.Integration.csproj", "{EC76A0EB-85A6-432B-A245-ED8140A0D9AB}"
EndProject
Project("{9A19103F-16F7-4668-BE54-9A1E7A4F7556}") = "Api.Application.Test.Contract", "test\Api.Application.Test.Contract\Api.Application.Test.Contract.csproj", "{64AC5F92-6FA4-450F-81A9-E74F5E1E5735}"
EndProject
Project("{9A19103F-16F7-4668-BE54-9A1E7A4F7556}") = "Api.Application.Test.Integration", "test\Api.Application.Test.Integration\Api.Application.Test.Integration.csproj", "{4EDA0AD9-96E1-40E0-9A59-76D975F9E194}"
EndProject
Project("{9A19103F-16F7-4668-BE54-9A1E7A4F7556}") = "App.Infra.Service.Test.Integration", "test\App.Infra.Service.Test.Integration\App.Infra.Service.Test.Integration.csproj", "{86F4CF51-E04E-40D7-BBB0-03D1805B95F3}"
EndProject
Global
	GlobalSection(SolutionConfigurationPlatforms) = preSolution
		Debug|Any CPU = Debug|Any CPU
		Release|Any CPU = Release|Any CPU
	EndGlobalSection
	GlobalSection(ProjectConfigurationPlatforms) = postSolution
		{BC5C0E63-8166-4BDA-B795-BF11FC8DB8F9}.Debug|Any CPU.ActiveCfg = Debug|Any CPU
		{BC5C0E63-8166-4BDA-B795-BF11FC8DB8F9}.Debug|Any CPU.Build.0 = Debug|Any CPU
		{BC5C0E63-8166-4BDA-B795-BF11FC8DB8F9}.Release|Any CPU.ActiveCfg = Release|Any CPU
		{BC5C0E63-8166-4BDA-B795-BF11FC8DB8F9}.Release|Any CPU.Build.0 = Release|Any CPU
		{9E392F36-25B8-4F61-87D1-D2366E58A812}.Debug|Any CPU.ActiveCfg = Debug|Any CPU
		{9E392F36-25B8-4F61-87D1-D2366E58A812}.Debug|Any CPU.Build.0 = Debug|Any CPU
		{9E392F36-25B8-4F61-87D1-D2366E58A812}.Release|Any CPU.ActiveCfg = Release|Any CPU
		{9E392F36-25B8-4F61-87D1-D2366E58A812}.Release|Any CPU.Build.0 = Release|Any CPU
		{757677ED-E331-4F3E-ADD4-D499FD32B08E}.Debug|Any CPU.ActiveCfg = Debug|Any CPU
		{757677ED-E331-4F3E-ADD4-D499FD32B08E}.Debug|Any CPU.Build.0 = Debug|Any CPU
		{757677ED-E331-4F3E-ADD4-D499FD32B08E}.Release|Any CPU.ActiveCfg = Release|Any CPU
		{757677ED-E331-4F3E-ADD4-D499FD32B08E}.Release|Any CPU.Build.0 = Release|Any CPU
		{43FBE584-ECFC-43D9-A15A-C6CDB099DFE8}.Debug|Any CPU.ActiveCfg = Debug|Any CPU
		{43FBE584-ECFC-43D9-A15A-C6CDB099DFE8}.Debug|Any CPU.Build.0 = Debug|Any CPU
		{43FBE584-ECFC-43D9-A15A-C6CDB099DFE8}.Release|Any CPU.ActiveCfg = Release|Any CPU
		{43FBE584-ECFC-43D9-A15A-C6CDB099DFE8}.Release|Any CPU.Build.0 = Release|Any CPU
		{BB1C51CF-DED8-4BE4-99E2-DF363F594321}.Debug|Any CPU.ActiveCfg = Debug|Any CPU
		{BB1C51CF-DED8-4BE4-99E2-DF363F594321}.Debug|Any CPU.Build.0 = Debug|Any CPU
		{BB1C51CF-DED8-4BE4-99E2-DF363F594321}.Release|Any CPU.ActiveCfg = Release|Any CPU
		{BB1C51CF-DED8-4BE4-99E2-DF363F594321}.Release|Any CPU.Build.0 = Release|Any CPU
		{991AD875-FE20-458F-86A9-B0388AD0EC5D}.Debug|Any CPU.ActiveCfg = Debug|Any CPU
		{991AD875-FE20-458F-86A9-B0388AD0EC5D}.Debug|Any CPU.Build.0 = Debug|Any CPU
		{991AD875-FE20-458F-86A9-B0388AD0EC5D}.Release|Any CPU.ActiveCfg = Release|Any CPU
		{991AD875-FE20-458F-86A9-B0388AD0EC5D}.Release|Any CPU.Build.0 = Release|Any CPU
		{30AE656C-FB1B-48FC-8C97-A2CBA8702592}.Debug|Any CPU.ActiveCfg = Debug|Any CPU
		{30AE656C-FB1B-48FC-8C97-A2CBA8702592}.Debug|Any CPU.Build.0 = Debug|Any CPU
		{30AE656C-FB1B-48FC-8C97-A2CBA8702592}.Release|Any CPU.ActiveCfg = Release|Any CPU
		{30AE656C-FB1B-48FC-8C97-A2CBA8702592}.Release|Any CPU.Build.0 = Release|Any CPU
		{72060A55-9029-4FA6-8B7A-0C40E95E1F40}.Debug|Any CPU.ActiveCfg = Debug|Any CPU
		{72060A55-9029-4FA6-8B7A-0C40E95E1F40}.Debug|Any CPU.Build.0 = Debug|Any CPU
		{72060A55-9029-4FA6-8B7A-0C40E95E1F40}.Release|Any CPU.ActiveCfg = Release|Any CPU
		{72060A55-9029-4FA6-8B7A-0C40E95E1F40}.Release|Any CPU.Build.0 = Release|Any CPU
		{68DD8299-0A55-4D77-8B00-05384A0AABF5}.Debug|Any CPU.ActiveCfg = Debug|Any CPU
		{68DD8299-0A55-4D77-8B00-05384A0AABF5}.Debug|Any CPU.Build.0 = Debug|Any CPU
		{68DD8299-0A55-4D77-8B00-05384A0AABF5}.Release|Any CPU.ActiveCfg = Release|Any CPU
		{68DD8299-0A55-4D77-8B00-05384A0AABF5}.Release|Any CPU.Build.0 = Release|Any CPU
		{F922B11F-7301-4B5A-9081-37A0886C61DE}.Debug|Any CPU.ActiveCfg = Debug|Any CPU
		{F922B11F-7301-4B5A-9081-37A0886C61DE}.Debug|Any CPU.Build.0 = Debug|Any CPU
		{F922B11F-7301-4B5A-9081-37A0886C61DE}.Release|Any CPU.ActiveCfg = Release|Any CPU
		{F922B11F-7301-4B5A-9081-37A0886C61DE}.Release|Any CPU.Build.0 = Release|Any CPU
		{D1CCC513-418B-4AC9-B5A5-855264BCABC1}.Debug|Any CPU.ActiveCfg = Debug|Any CPU
		{D1CCC513-418B-4AC9-B5A5-855264BCABC1}.Debug|Any CPU.Build.0 = Debug|Any CPU
		{D1CCC513-418B-4AC9-B5A5-855264BCABC1}.Release|Any CPU.ActiveCfg = Release|Any CPU
		{D1CCC513-418B-4AC9-B5A5-855264BCABC1}.Release|Any CPU.Build.0 = Release|Any CPU
		{DD4A9A39-A354-4132-B6BC-8482C932160B}.Debug|Any CPU.ActiveCfg = Debug|Any CPU
		{DD4A9A39-A354-4132-B6BC-8482C932160B}.Debug|Any CPU.Build.0 = Debug|Any CPU
		{DD4A9A39-A354-4132-B6BC-8482C932160B}.Release|Any CPU.ActiveCfg = Release|Any CPU
		{DD4A9A39-A354-4132-B6BC-8482C932160B}.Release|Any CPU.Build.0 = Release|Any CPU
		{06ED945E-7AF0-4CF8-834E-D1DD1E78B55B}.Debug|Any CPU.ActiveCfg = Debug|Any CPU
		{06ED945E-7AF0-4CF8-834E-D1DD1E78B55B}.Debug|Any CPU.Build.0 = Debug|Any CPU
		{06ED945E-7AF0-4CF8-834E-D1DD1E78B55B}.Release|Any CPU.ActiveCfg = Release|Any CPU
		{06ED945E-7AF0-4CF8-834E-D1DD1E78B55B}.Release|Any CPU.Build.0 = Release|Any CPU
		{2909067F-432D-4DD2-90DF-425CAD258979}.Debug|Any CPU.ActiveCfg = Debug|Any CPU
		{2909067F-432D-4DD2-90DF-425CAD258979}.Debug|Any CPU.Build.0 = Debug|Any CPU
		{2909067F-432D-4DD2-90DF-425CAD258979}.Release|Any CPU.ActiveCfg = Release|Any CPU
		{2909067F-432D-4DD2-90DF-425CAD258979}.Release|Any CPU.Build.0 = Release|Any CPU
		{EC76A0EB-85A6-432B-A245-ED8140A0D9AB}.Debug|Any CPU.ActiveCfg = Debug|Any CPU
		{EC76A0EB-85A6-432B-A245-ED8140A0D9AB}.Debug|Any CPU.Build.0 = Debug|Any CPU
		{EC76A0EB-85A6-432B-A245-ED8140A0D9AB}.Release|Any CPU.ActiveCfg = Release|Any CPU
		{EC76A0EB-85A6-432B-A245-ED8140A0D9AB}.Release|Any CPU.Build.0 = Release|Any CPU
		{64AC5F92-6FA4-450F-81A9-E74F5E1E5735}.Debug|Any CPU.ActiveCfg = Debug|Any CPU
		{64AC5F92-6FA4-450F-81A9-E74F5E1E5735}.Debug|Any CPU.Build.0 = Debug|Any CPU
		{64AC5F92-6FA4-450F-81A9-E74F5E1E5735}.Release|Any CPU.ActiveCfg = Release|Any CPU
		{64AC5F92-6FA4-450F-81A9-E74F5E1E5735}.Release|Any CPU.Build.0 = Release|Any CPU
		{4EDA0AD9-96E1-40E0-9A59-76D975F9E194}.Debug|Any CPU.ActiveCfg = Debug|Any CPU
		{4EDA0AD9-96E1-40E0-9A59-76D975F9E194}.Debug|Any CPU.Build.0 = Debug|Any CPU
		{4EDA0AD9-96E1-40E0-9A59-76D975F9E194}.Release|Any CPU.ActiveCfg = Release|Any CPU
		{4EDA0AD9-96E1-40E0-9A59-76D975F9E194}.Release|Any CPU.Build.0 = Release|Any CPU
		{86F4CF51-E04E-40D7-BBB0-03D1805B95F3}.Debug|Any CPU.ActiveCfg = Debug|Any CPU
		{86F4CF51-E04E-40D7-BBB0-03D1805B95F3}.Debug|Any CPU.Build.0 = Debug|Any CPU
		{86F4CF51-E04E-40D7-BBB0-03D1805B95F3}.Release|Any CPU.ActiveCfg = Release|Any CPU
		{86F4CF51-E04E-40D7-BBB0-03D1805B95F3}.Release|Any CPU.Build.0 = Release|Any CPU
	EndGlobalSection
	GlobalSection(SolutionProperties) = preSolution
		HideSolutionNode = FALSE
	EndGlobalSection
	GlobalSection(NestedProjects) = preSolution
		{C5547983-1A2F-4FE6-BFCB-1F184AFE51B5} = {AEBB9A2C-820A-4452-92D6-0442DD2848E5}
		{DF3AEF5B-C446-4779-9CC8-03CCB94F572C} = {AEBB9A2C-820A-4452-92D6-0442DD2848E5}
		{889BC47D-685B-41C2-89DD-8896A0358E78} = {AEBB9A2C-820A-4452-92D6-0442DD2848E5}
		{63559018-838E-4A7A-B389-1CFF7C5838BB} = {AEBB9A2C-820A-4452-92D6-0442DD2848E5}
		{F6236C8A-81B9-4922-ACE9-FAB834A55E28} = {2900F52A-B859-4847-B200-EE797878537A}
		{A0221B1A-074A-422E-870F-832B9143066C} = {2900F52A-B859-4847-B200-EE797878537A}
		{BDAEF59C-5EE5-4F7F-B572-38D3D9191F40} = {2900F52A-B859-4847-B200-EE797878537A}
		{384BD453-0532-4CDC-896F-C071A3894CC6} = {C93577A8-D2E8-4354-A157-D48BBD973B1B}
		{783C84D2-ED04-44DC-B818-0218FE4CE6D2} = {C93577A8-D2E8-4354-A157-D48BBD973B1B}
		{B6FCD619-880A-4ED0-8505-1ACAAFAC60BA} = {C93577A8-D2E8-4354-A157-D48BBD973B1B}
		{FB6B71E3-129C-427E-BDE1-657D960CE833} = {DF3AEF5B-C446-4779-9CC8-03CCB94F572C}
		{3A253788-5FA9-44C1-B1F6-E6C45D756C8C} = {DF3AEF5B-C446-4779-9CC8-03CCB94F572C}
		{C5AB3A28-99B8-4CE2-9034-BD613636E36F} = {DF3AEF5B-C446-4779-9CC8-03CCB94F572C}
		{98074CE1-67B0-4533-BF92-40A585065BAB} = {889BC47D-685B-41C2-89DD-8896A0358E78}
		{865029F4-2D3E-457F-B403-0D381F2D5529} = {889BC47D-685B-41C2-89DD-8896A0358E78}
		{BC5C0E63-8166-4BDA-B795-BF11FC8DB8F9} = {5A54C753-2DBC-4A80-9A0D-6131AC571C4F}
		{9E392F36-25B8-4F61-87D1-D2366E58A812} = {F6236C8A-81B9-4922-ACE9-FAB834A55E28}
		{757677ED-E331-4F3E-ADD4-D499FD32B08E} = {A0221B1A-074A-422E-870F-832B9143066C}
		{43FBE584-ECFC-43D9-A15A-C6CDB099DFE8} = {BDAEF59C-5EE5-4F7F-B572-38D3D9191F40}
		{BB1C51CF-DED8-4BE4-99E2-DF363F594321} = {BDAEF59C-5EE5-4F7F-B572-38D3D9191F40}
		{991AD875-FE20-458F-86A9-B0388AD0EC5D} = {783C84D2-ED04-44DC-B818-0218FE4CE6D2}
		{30AE656C-FB1B-48FC-8C97-A2CBA8702592} = {B6FCD619-880A-4ED0-8505-1ACAAFAC60BA}
		{72060A55-9029-4FA6-8B7A-0C40E95E1F40} = {B6FCD619-880A-4ED0-8505-1ACAAFAC60BA}
		{68DD8299-0A55-4D77-8B00-05384A0AABF5} = {384BD453-0532-4CDC-896F-C071A3894CC6}
		{F922B11F-7301-4B5A-9081-37A0886C61DE} = {63559018-838E-4A7A-B389-1CFF7C5838BB}
		{D1CCC513-418B-4AC9-B5A5-855264BCABC1} = {C5547983-1A2F-4FE6-BFCB-1F184AFE51B5}
		{DD4A9A39-A354-4132-B6BC-8482C932160B} = {3A253788-5FA9-44C1-B1F6-E6C45D756C8C}
		{06ED945E-7AF0-4CF8-834E-D1DD1E78B55B} = {98074CE1-67B0-4533-BF92-40A585065BAB}
		{2909067F-432D-4DD2-90DF-425CAD258979} = {A0221B1A-074A-422E-870F-832B9143066C}
		{EC76A0EB-85A6-432B-A245-ED8140A0D9AB} = {C5AB3A28-99B8-4CE2-9034-BD613636E36F}
		{64AC5F92-6FA4-450F-81A9-E74F5E1E5735} = {FB6B71E3-129C-427E-BDE1-657D960CE833}
		{4EDA0AD9-96E1-40E0-9A59-76D975F9E194} = {FB6B71E3-129C-427E-BDE1-657D960CE833}
		{86F4CF51-E04E-40D7-BBB0-03D1805B95F3} = {865029F4-2D3E-457F-B403-0D381F2D5529}
	EndGlobalSection
	GlobalSection(ExtensibilityGlobals) = postSolution
		SolutionGuid = {6C42A7F1-7375-405D-A24C-234CEA7BD670}
	EndGlobalSection
EndGlobal
