
Microsoft Visual Studio Solution File, Format Version 12.00
# Visual Studio Version 17
VisualStudioVersion = 17.1.32210.238
MinimumVisualStudioVersion = 10.0.40219.1
Project("{2150E333-8FDC-42A3-9474-1A3956D46DE8}") = "1 - Lib", "1 - Lib", "{5A54C753-2DBC-4A80-9A0D-6131AC571C4F}"
EndProject
Project("{2150E333-8FDC-42A3-9474-1A3956D46DE8}") = "2 - Api", "2 - Api", "{2900F52A-B859-4847-B200-EE797878537A}"
EndProject
Project("{2150E333-8FDC-42A3-9474-1A3956D46DE8}") = "3 - WebApp", "3 - WebApp", "{C93577A8-D2E8-4354-A157-D48BBD973B1B}"
EndProject
Project("{2150E333-8FDC-42A3-9474-1A3956D46DE8}") = "4 - Test", "4 - Test", "{AEBB9A2C-820A-4452-92D6-0442DD2848E5}"
EndProject
Project("{2150E333-8FDC-42A3-9474-1A3956D46DE8}") = "4.1 - Lib", "4.1 - Lib", "{C5547983-1A2F-4FE6-BFCB-1F184AFE51B5}"
EndProject
Project("{2150E333-8FDC-42A3-9474-1A3956D46DE8}") = "4.2 - Api", "4.2 - Api", "{DF3AEF5B-C446-4779-9CC8-03CCB94F572C}"
EndProject
Project("{2150E333-8FDC-42A3-9474-1A3956D46DE8}") = "4.3 - App", "4.3 - App", "{889BC47D-685B-41C2-89DD-8896A0358E78}"
EndProject
Project("{2150E333-8FDC-42A3-9474-1A3956D46DE8}") = "4.0 - Tools", "4.0 - Tools", "{63559018-838E-4A7A-B389-1CFF7C5838BB}"
EndProject
Project("{2150E333-8FDC-42A3-9474-1A3956D46DE8}") = "2.1 - Application", "2.1 - Application", "{F6236C8A-81B9-4922-ACE9-FAB834A55E28}"
EndProject
Project("{2150E333-8FDC-42A3-9474-1A3956D46DE8}") = "2.2 - Domain", "2.2 - Domain", "{A0221B1A-074A-422E-870F-832B9143066C}"
EndProject
Project("{2150E333-8FDC-42A3-9474-1A3956D46DE8}") = "2.3 - Infra", "2.3 - Infra", "{BDAEF59C-5EE5-4F7F-B572-38D3D9191F40}"
EndProject
Project("{2150E333-8FDC-42A3-9474-1A3956D46DE8}") = "3.1 - Application", "3.1 - Application", "{384BD453-0532-4CDC-896F-C071A3894CC6}"
EndProject
Project("{2150E333-8FDC-42A3-9474-1A3956D46DE8}") = "3.2 - Domain", "3.2 - Domain", "{783C84D2-ED04-44DC-B818-0218FE4CE6D2}"
EndProject
Project("{2150E333-8FDC-42A3-9474-1A3956D46DE8}") = "3.3 - Infra", "3.3 - Infra", "{B6FCD619-880A-4ED0-8505-1ACAAFAC60BA}"
EndProject
Project("{2150E333-8FDC-42A3-9474-1A3956D46DE8}") = "4.2.1 - Application", "4.2.1 - Application", "{FB6B71E3-129C-427E-BDE1-657D960CE833}"
EndProject
Project("{2150E333-8FDC-42A3-9474-1A3956D46DE8}") = "4.2.2 - Domain", "4.2.2 - Domain", "{3A253788-5FA9-44C1-B1F6-E6C45D756C8C}"
EndProject
Project("{2150E333-8FDC-42A3-9474-1A3956D46DE8}") = "4.2.3 - Infra", "4.2.3 - Infra", "{C5AB3A28-99B8-4CE2-9034-BD613636E36F}"
EndProject
Project("{2150E333-8FDC-42A3-9474-1A3956D46DE8}") = "4.3.2 - Domain", "4.3.2 - Domain", "{98074CE1-67B0-4533-BF92-40A585065BAB}"
EndProject
Project("{2150E333-8FDC-42A3-9474-1A3956D46DE8}") = "4.3.3 - Infra", "4.3.3 - Infra", "{865029F4-2D3E-457F-B403-0D381F2D5529}"
EndProject
Project("{9A19103F-16F7-4668-BE54-9A1E7A4F7556}") = "POC.Grpc.Lib.Contract", "src\POC.Grpc.Lib.Contract\POC.Grpc.Lib.Contract.csproj", "{B07737E7-13CA-480F-A5B2-CCF0F091B61B}"
EndProject
Project("{9A19103F-16F7-4668-BE54-9A1E7A4F7556}") = "POC.Grpc.Api.Application", "src\POC.Grpc.Api.Application\POC.Grpc.Api.Application.csproj", "{EF641FF9-39A8-4FE8-9C29-7B001F587092}"
EndProject
Project("{9A19103F-16F7-4668-BE54-9A1E7A4F7556}") = "POC.Grpc.Api.Domain", "src\POC.Grpc.Api.Domain\POC.Grpc.Api.Domain.csproj", "{27179F16-4EA1-4AE3-A7BB-B63F2D837838}"
EndProject
Project("{9A19103F-16F7-4668-BE54-9A1E7A4F7556}") = "POC.Grpc.Api.Infra", "src\POC.Grpc.Api.Infra\POC.Grpc.Api.Infra.csproj", "{932A944E-A1CD-4135-A763-44A62E291EE2}"
EndProject
Project("{9A19103F-16F7-4668-BE54-9A1E7A4F7556}") = "POC.Grpc.Api.Infra.Data", "src\POC.Grpc.Api.Infra.Data\POC.Grpc.Api.Infra.Data.csproj", "{0BE56E80-B4A8-4DAE-9913-94CD95EE45A7}"
EndProject
Project("{9A19103F-16F7-4668-BE54-9A1E7A4F7556}") = "POC.Grpc.App.Application", "src\POC.Grpc.App.Application\POC.Grpc.App.Application.csproj", "{8B80A6A2-A4F0-44E1-B9C0-C39141AF0460}"
EndProject
Project("{9A19103F-16F7-4668-BE54-9A1E7A4F7556}") = "POC.Grpc.App.Domain", "src\POC.Grpc.App.Domain\POC.Grpc.App.Domain.csproj", "{66779D8B-A31D-4F9D-BAA7-738A85632959}"
EndProject
Project("{9A19103F-16F7-4668-BE54-9A1E7A4F7556}") = "POC.Grpc.App.Infra", "src\POC.Grpc.App.Infra\POC.Grpc.App.Infra.csproj", "{2787BE3D-6956-4E61-9A44-AD8358BB5477}"
EndProject
Project("{9A19103F-16F7-4668-BE54-9A1E7A4F7556}") = "POC.Grpc.App.Infra.Service", "src\POC.Grpc.App.Infra.Service\POC.Grpc.App.Infra.Service.csproj", "{BD74F415-4900-4540-B82B-DB357432D3BF}"
EndProject
Project("{9A19103F-16F7-4668-BE54-9A1E7A4F7556}") = "POC.Grpc.Test.Tools", "test\POC.Grpc.Test.Tools\POC.Grpc.Test.Tools.csproj", "{C3A5D5AB-7665-4563-84C9-374B7A97D3B2}"
EndProject
Project("{9A19103F-16F7-4668-BE54-9A1E7A4F7556}") = "POC.Grpc.Lib.Contract.Test.Unit", "test\POC.Grpc.Lib.Contract.Test.Unit\POC.Grpc.Lib.Contract.Test.Unit.csproj", "{FB7330F0-A154-47F0-8AA2-FAB1DEFE4340}"
EndProject
Project("{9A19103F-16F7-4668-BE54-9A1E7A4F7556}") = "POC.Grpc.Api.Application.Test.Contract", "test\POC.Grpc.Api.Application.Test.Contract\POC.Grpc.Api.Application.Test.Contract.csproj", "{2ECD8F0C-F4A3-4B06-9C95-D717A7A8F60D}"
EndProject
Project("{9A19103F-16F7-4668-BE54-9A1E7A4F7556}") = "POC.Grpc.Api.Application.Test.Integration", "test\POC.Grpc.Api.Application.Test.Integration\POC.Grpc.Api.Application.Test.Integration.csproj", "{02475806-AC5D-48FF-9EC7-404B631D8B04}"
EndProject
Project("{9A19103F-16F7-4668-BE54-9A1E7A4F7556}") = "POC.Grpc.Api.Domain.Test.Unit", "test\POC.Grpc.Api.Domain.Test.Unit\POC.Grpc.Api.Domain.Test.Unit.csproj", "{DE9D5E7D-E132-465C-A14A-77C2C81679AB}"
EndProject
Project("{9A19103F-16F7-4668-BE54-9A1E7A4F7556}") = "POC.Grpc.Api.Infra.Data.Test.Integration", "test\POC.Grpc.Api.Infra.Data.Test.Integration\POC.Grpc.Api.Infra.Data.Test.Integration.csproj", "{BF739BDC-FDF6-4AF9-A852-00C73E6402ED}"
EndProject
Project("{9A19103F-16F7-4668-BE54-9A1E7A4F7556}") = "POC.Grpc.App.Domain.Test.Unit", "test\POC.Grpc.App.Domain.Test.Unit\POC.Grpc.App.Domain.Test.Unit.csproj", "{343FFE75-1F7E-4491-B778-8DF3F8EA3FE8}"
EndProject
Project("{9A19103F-16F7-4668-BE54-9A1E7A4F7556}") = "POC.Grpc.App.Infra.Service.Test.Integration", "test\POC.Grpc.App.Infra.Service.Test.Integration\POC.Grpc.App.Infra.Service.Test.Integration.csproj", "{A394540B-CC14-49FC-B86D-15E62221F2D0}"
EndProject
Project("{9A19103F-16F7-4668-BE54-9A1E7A4F7556}") = "POC.Grpc.Api.Infra.Crosscutting", "src\POC.Grpc.Api.Infra.Crosscutting\POC.Grpc.Api.Infra.Crosscutting.csproj", "{DC649394-E765-4B86-8A76-A1811FE27A93}"
EndProject
Project("{9A19103F-16F7-4668-BE54-9A1E7A4F7556}") = "POC.Grpc.App.Infra.Crosscutting", "src\POC.Grpc.App.Infra.Crosscutting\POC.Grpc.App.Infra.Crosscutting.csproj", "{7FFB0420-AAD1-4B50-AE0F-5E207F8FD736}"
EndProject
Global
	GlobalSection(SolutionConfigurationPlatforms) = preSolution
		Debug|Any CPU = Debug|Any CPU
		Release|Any CPU = Release|Any CPU
	EndGlobalSection
	GlobalSection(ProjectConfigurationPlatforms) = postSolution
		{B07737E7-13CA-480F-A5B2-CCF0F091B61B}.Debug|Any CPU.ActiveCfg = Debug|Any CPU
		{B07737E7-13CA-480F-A5B2-CCF0F091B61B}.Debug|Any CPU.Build.0 = Debug|Any CPU
		{B07737E7-13CA-480F-A5B2-CCF0F091B61B}.Release|Any CPU.ActiveCfg = Release|Any CPU
		{B07737E7-13CA-480F-A5B2-CCF0F091B61B}.Release|Any CPU.Build.0 = Release|Any CPU
		{EF641FF9-39A8-4FE8-9C29-7B001F587092}.Debug|Any CPU.ActiveCfg = Debug|Any CPU
		{EF641FF9-39A8-4FE8-9C29-7B001F587092}.Debug|Any CPU.Build.0 = Debug|Any CPU
		{EF641FF9-39A8-4FE8-9C29-7B001F587092}.Release|Any CPU.ActiveCfg = Release|Any CPU
		{EF641FF9-39A8-4FE8-9C29-7B001F587092}.Release|Any CPU.Build.0 = Release|Any CPU
		{27179F16-4EA1-4AE3-A7BB-B63F2D837838}.Debug|Any CPU.ActiveCfg = Debug|Any CPU
		{27179F16-4EA1-4AE3-A7BB-B63F2D837838}.Debug|Any CPU.Build.0 = Debug|Any CPU
		{27179F16-4EA1-4AE3-A7BB-B63F2D837838}.Release|Any CPU.ActiveCfg = Release|Any CPU
		{27179F16-4EA1-4AE3-A7BB-B63F2D837838}.Release|Any CPU.Build.0 = Release|Any CPU
		{932A944E-A1CD-4135-A763-44A62E291EE2}.Debug|Any CPU.ActiveCfg = Debug|Any CPU
		{932A944E-A1CD-4135-A763-44A62E291EE2}.Debug|Any CPU.Build.0 = Debug|Any CPU
		{932A944E-A1CD-4135-A763-44A62E291EE2}.Release|Any CPU.ActiveCfg = Release|Any CPU
		{932A944E-A1CD-4135-A763-44A62E291EE2}.Release|Any CPU.Build.0 = Release|Any CPU
		{0BE56E80-B4A8-4DAE-9913-94CD95EE45A7}.Debug|Any CPU.ActiveCfg = Debug|Any CPU
		{0BE56E80-B4A8-4DAE-9913-94CD95EE45A7}.Debug|Any CPU.Build.0 = Debug|Any CPU
		{0BE56E80-B4A8-4DAE-9913-94CD95EE45A7}.Release|Any CPU.ActiveCfg = Release|Any CPU
		{0BE56E80-B4A8-4DAE-9913-94CD95EE45A7}.Release|Any CPU.Build.0 = Release|Any CPU
		{8B80A6A2-A4F0-44E1-B9C0-C39141AF0460}.Debug|Any CPU.ActiveCfg = Debug|Any CPU
		{8B80A6A2-A4F0-44E1-B9C0-C39141AF0460}.Debug|Any CPU.Build.0 = Debug|Any CPU
		{8B80A6A2-A4F0-44E1-B9C0-C39141AF0460}.Release|Any CPU.ActiveCfg = Release|Any CPU
		{8B80A6A2-A4F0-44E1-B9C0-C39141AF0460}.Release|Any CPU.Build.0 = Release|Any CPU
		{66779D8B-A31D-4F9D-BAA7-738A85632959}.Debug|Any CPU.ActiveCfg = Debug|Any CPU
		{66779D8B-A31D-4F9D-BAA7-738A85632959}.Debug|Any CPU.Build.0 = Debug|Any CPU
		{66779D8B-A31D-4F9D-BAA7-738A85632959}.Release|Any CPU.ActiveCfg = Release|Any CPU
		{66779D8B-A31D-4F9D-BAA7-738A85632959}.Release|Any CPU.Build.0 = Release|Any CPU
		{2787BE3D-6956-4E61-9A44-AD8358BB5477}.Debug|Any CPU.ActiveCfg = Debug|Any CPU
		{2787BE3D-6956-4E61-9A44-AD8358BB5477}.Debug|Any CPU.Build.0 = Debug|Any CPU
		{2787BE3D-6956-4E61-9A44-AD8358BB5477}.Release|Any CPU.ActiveCfg = Release|Any CPU
		{2787BE3D-6956-4E61-9A44-AD8358BB5477}.Release|Any CPU.Build.0 = Release|Any CPU
		{BD74F415-4900-4540-B82B-DB357432D3BF}.Debug|Any CPU.ActiveCfg = Debug|Any CPU
		{BD74F415-4900-4540-B82B-DB357432D3BF}.Debug|Any CPU.Build.0 = Debug|Any CPU
		{BD74F415-4900-4540-B82B-DB357432D3BF}.Release|Any CPU.ActiveCfg = Release|Any CPU
		{BD74F415-4900-4540-B82B-DB357432D3BF}.Release|Any CPU.Build.0 = Release|Any CPU
		{C3A5D5AB-7665-4563-84C9-374B7A97D3B2}.Debug|Any CPU.ActiveCfg = Debug|Any CPU
		{C3A5D5AB-7665-4563-84C9-374B7A97D3B2}.Debug|Any CPU.Build.0 = Debug|Any CPU
		{C3A5D5AB-7665-4563-84C9-374B7A97D3B2}.Release|Any CPU.ActiveCfg = Release|Any CPU
		{C3A5D5AB-7665-4563-84C9-374B7A97D3B2}.Release|Any CPU.Build.0 = Release|Any CPU
		{FB7330F0-A154-47F0-8AA2-FAB1DEFE4340}.Debug|Any CPU.ActiveCfg = Debug|Any CPU
		{FB7330F0-A154-47F0-8AA2-FAB1DEFE4340}.Debug|Any CPU.Build.0 = Debug|Any CPU
		{FB7330F0-A154-47F0-8AA2-FAB1DEFE4340}.Release|Any CPU.ActiveCfg = Release|Any CPU
		{FB7330F0-A154-47F0-8AA2-FAB1DEFE4340}.Release|Any CPU.Build.0 = Release|Any CPU
		{2ECD8F0C-F4A3-4B06-9C95-D717A7A8F60D}.Debug|Any CPU.ActiveCfg = Debug|Any CPU
		{2ECD8F0C-F4A3-4B06-9C95-D717A7A8F60D}.Debug|Any CPU.Build.0 = Debug|Any CPU
		{2ECD8F0C-F4A3-4B06-9C95-D717A7A8F60D}.Release|Any CPU.ActiveCfg = Release|Any CPU
		{2ECD8F0C-F4A3-4B06-9C95-D717A7A8F60D}.Release|Any CPU.Build.0 = Release|Any CPU
		{02475806-AC5D-48FF-9EC7-404B631D8B04}.Debug|Any CPU.ActiveCfg = Debug|Any CPU
		{02475806-AC5D-48FF-9EC7-404B631D8B04}.Debug|Any CPU.Build.0 = Debug|Any CPU
		{02475806-AC5D-48FF-9EC7-404B631D8B04}.Release|Any CPU.ActiveCfg = Release|Any CPU
		{02475806-AC5D-48FF-9EC7-404B631D8B04}.Release|Any CPU.Build.0 = Release|Any CPU
		{DE9D5E7D-E132-465C-A14A-77C2C81679AB}.Debug|Any CPU.ActiveCfg = Debug|Any CPU
		{DE9D5E7D-E132-465C-A14A-77C2C81679AB}.Debug|Any CPU.Build.0 = Debug|Any CPU
		{DE9D5E7D-E132-465C-A14A-77C2C81679AB}.Release|Any CPU.ActiveCfg = Release|Any CPU
		{DE9D5E7D-E132-465C-A14A-77C2C81679AB}.Release|Any CPU.Build.0 = Release|Any CPU
		{BF739BDC-FDF6-4AF9-A852-00C73E6402ED}.Debug|Any CPU.ActiveCfg = Debug|Any CPU
		{BF739BDC-FDF6-4AF9-A852-00C73E6402ED}.Debug|Any CPU.Build.0 = Debug|Any CPU
		{BF739BDC-FDF6-4AF9-A852-00C73E6402ED}.Release|Any CPU.ActiveCfg = Release|Any CPU
		{BF739BDC-FDF6-4AF9-A852-00C73E6402ED}.Release|Any CPU.Build.0 = Release|Any CPU
		{343FFE75-1F7E-4491-B778-8DF3F8EA3FE8}.Debug|Any CPU.ActiveCfg = Debug|Any CPU
		{343FFE75-1F7E-4491-B778-8DF3F8EA3FE8}.Debug|Any CPU.Build.0 = Debug|Any CPU
		{343FFE75-1F7E-4491-B778-8DF3F8EA3FE8}.Release|Any CPU.ActiveCfg = Release|Any CPU
		{343FFE75-1F7E-4491-B778-8DF3F8EA3FE8}.Release|Any CPU.Build.0 = Release|Any CPU
		{A394540B-CC14-49FC-B86D-15E62221F2D0}.Debug|Any CPU.ActiveCfg = Debug|Any CPU
		{A394540B-CC14-49FC-B86D-15E62221F2D0}.Debug|Any CPU.Build.0 = Debug|Any CPU
		{A394540B-CC14-49FC-B86D-15E62221F2D0}.Release|Any CPU.ActiveCfg = Release|Any CPU
		{A394540B-CC14-49FC-B86D-15E62221F2D0}.Release|Any CPU.Build.0 = Release|Any CPU
		{DC649394-E765-4B86-8A76-A1811FE27A93}.Debug|Any CPU.ActiveCfg = Debug|Any CPU
		{DC649394-E765-4B86-8A76-A1811FE27A93}.Debug|Any CPU.Build.0 = Debug|Any CPU
		{DC649394-E765-4B86-8A76-A1811FE27A93}.Release|Any CPU.ActiveCfg = Release|Any CPU
		{DC649394-E765-4B86-8A76-A1811FE27A93}.Release|Any CPU.Build.0 = Release|Any CPU
		{7FFB0420-AAD1-4B50-AE0F-5E207F8FD736}.Debug|Any CPU.ActiveCfg = Debug|Any CPU
		{7FFB0420-AAD1-4B50-AE0F-5E207F8FD736}.Debug|Any CPU.Build.0 = Debug|Any CPU
		{7FFB0420-AAD1-4B50-AE0F-5E207F8FD736}.Release|Any CPU.ActiveCfg = Release|Any CPU
		{7FFB0420-AAD1-4B50-AE0F-5E207F8FD736}.Release|Any CPU.Build.0 = Release|Any CPU
	EndGlobalSection
	GlobalSection(SolutionProperties) = preSolution
		HideSolutionNode = FALSE
	EndGlobalSection
	GlobalSection(NestedProjects) = preSolution
		{C5547983-1A2F-4FE6-BFCB-1F184AFE51B5} = {AEBB9A2C-820A-4452-92D6-0442DD2848E5}
		{DF3AEF5B-C446-4779-9CC8-03CCB94F572C} = {AEBB9A2C-820A-4452-92D6-0442DD2848E5}
		{889BC47D-685B-41C2-89DD-8896A0358E78} = {AEBB9A2C-820A-4452-92D6-0442DD2848E5}
		{63559018-838E-4A7A-B389-1CFF7C5838BB} = {AEBB9A2C-820A-4452-92D6-0442DD2848E5}
		{F6236C8A-81B9-4922-ACE9-FAB834A55E28} = {2900F52A-B859-4847-B200-EE797878537A}
		{A0221B1A-074A-422E-870F-832B9143066C} = {2900F52A-B859-4847-B200-EE797878537A}
		{BDAEF59C-5EE5-4F7F-B572-38D3D9191F40} = {2900F52A-B859-4847-B200-EE797878537A}
		{384BD453-0532-4CDC-896F-C071A3894CC6} = {C93577A8-D2E8-4354-A157-D48BBD973B1B}
		{783C84D2-ED04-44DC-B818-0218FE4CE6D2} = {C93577A8-D2E8-4354-A157-D48BBD973B1B}
		{B6FCD619-880A-4ED0-8505-1ACAAFAC60BA} = {C93577A8-D2E8-4354-A157-D48BBD973B1B}
		{FB6B71E3-129C-427E-BDE1-657D960CE833} = {DF3AEF5B-C446-4779-9CC8-03CCB94F572C}
		{3A253788-5FA9-44C1-B1F6-E6C45D756C8C} = {DF3AEF5B-C446-4779-9CC8-03CCB94F572C}
		{C5AB3A28-99B8-4CE2-9034-BD613636E36F} = {DF3AEF5B-C446-4779-9CC8-03CCB94F572C}
		{98074CE1-67B0-4533-BF92-40A585065BAB} = {889BC47D-685B-41C2-89DD-8896A0358E78}
		{865029F4-2D3E-457F-B403-0D381F2D5529} = {889BC47D-685B-41C2-89DD-8896A0358E78}
		{B07737E7-13CA-480F-A5B2-CCF0F091B61B} = {5A54C753-2DBC-4A80-9A0D-6131AC571C4F}
		{EF641FF9-39A8-4FE8-9C29-7B001F587092} = {F6236C8A-81B9-4922-ACE9-FAB834A55E28}
		{27179F16-4EA1-4AE3-A7BB-B63F2D837838} = {A0221B1A-074A-422E-870F-832B9143066C}
		{932A944E-A1CD-4135-A763-44A62E291EE2} = {BDAEF59C-5EE5-4F7F-B572-38D3D9191F40}
		{0BE56E80-B4A8-4DAE-9913-94CD95EE45A7} = {BDAEF59C-5EE5-4F7F-B572-38D3D9191F40}
		{8B80A6A2-A4F0-44E1-B9C0-C39141AF0460} = {384BD453-0532-4CDC-896F-C071A3894CC6}
		{66779D8B-A31D-4F9D-BAA7-738A85632959} = {783C84D2-ED04-44DC-B818-0218FE4CE6D2}
		{2787BE3D-6956-4E61-9A44-AD8358BB5477} = {B6FCD619-880A-4ED0-8505-1ACAAFAC60BA}
		{BD74F415-4900-4540-B82B-DB357432D3BF} = {B6FCD619-880A-4ED0-8505-1ACAAFAC60BA}
		{C3A5D5AB-7665-4563-84C9-374B7A97D3B2} = {63559018-838E-4A7A-B389-1CFF7C5838BB}
		{FB7330F0-A154-47F0-8AA2-FAB1DEFE4340} = {C5547983-1A2F-4FE6-BFCB-1F184AFE51B5}
		{2ECD8F0C-F4A3-4B06-9C95-D717A7A8F60D} = {FB6B71E3-129C-427E-BDE1-657D960CE833}
		{02475806-AC5D-48FF-9EC7-404B631D8B04} = {FB6B71E3-129C-427E-BDE1-657D960CE833}
		{DE9D5E7D-E132-465C-A14A-77C2C81679AB} = {3A253788-5FA9-44C1-B1F6-E6C45D756C8C}
		{BF739BDC-FDF6-4AF9-A852-00C73E6402ED} = {C5AB3A28-99B8-4CE2-9034-BD613636E36F}
		{343FFE75-1F7E-4491-B778-8DF3F8EA3FE8} = {98074CE1-67B0-4533-BF92-40A585065BAB}
		{A394540B-CC14-49FC-B86D-15E62221F2D0} = {865029F4-2D3E-457F-B403-0D381F2D5529}
		{DC649394-E765-4B86-8A76-A1811FE27A93} = {BDAEF59C-5EE5-4F7F-B572-38D3D9191F40}
		{7FFB0420-AAD1-4B50-AE0F-5E207F8FD736} = {B6FCD619-880A-4ED0-8505-1ACAAFAC60BA}
	EndGlobalSection
	GlobalSection(ExtensibilityGlobals) = postSolution
		SolutionGuid = {6C42A7F1-7375-405D-A24C-234CEA7BD670}
	EndGlobalSection
EndGlobal
