
Microsoft Visual Studio Solution File, Format Version 12.00
# Visual Studio Version 17
VisualStudioVersion = 17.1.32210.238
MinimumVisualStudioVersion = 10.0.40219.1
Project("{2150E333-8FDC-42A3-9474-1A3956D46DE8}") = "src", "src", "{3B5A73FA-C079-4A8D-9DE7-A936A918AA9E}"
EndProject
Project("{2150E333-8FDC-42A3-9474-1A3956D46DE8}") = "#solution-items", "#solution-items", "{34C84152-F01D-40B8-9FB2-5791685F3109}"
	ProjectSection(SolutionItems) = preProject
		.dockerignore = .dockerignore
		.editorconfig = .editorconfig
		.gitignore = .gitignore
		LICENSE = LICENSE
		README.md = README.md
	EndProjectSection
EndProject
Project("{2150E333-8FDC-42A3-9474-1A3956D46DE8}") = "tools", "tools", "{A3EA6DB0-4403-49F1-A74A-0F11A826C1B3}"
EndProject
Project("{2150E333-8FDC-42A3-9474-1A3956D46DE8}") = "postman", "postman", "{B1EE0657-79B9-4C1E-AFB3-170AFBB2167E}"
	ProjectSection(SolutionItems) = preProject
		tools\postman\POC.Grpc.postman_collection.json = tools\postman\POC.Grpc.postman_collection.json
		tools\postman\POC.Grpc.postman_environment.json = tools\postman\POC.Grpc.postman_environment.json
	EndProjectSection
EndProject
Project("{FAE04EC0-301F-11D3-BF4B-00C04F79EFBC}") = "POC.Grpc.Client.Lib", "src\POC.Grpc.Client.Lib\POC.Grpc.Client.Lib.csproj", "{E04D4912-F163-4E2A-9DD6-18FB909608FC}"
EndProject
Project("{FAE04EC0-301F-11D3-BF4B-00C04F79EFBC}") = "POC.Grpc.Api.Application", "src\POC.Grpc.Api.Application\POC.Grpc.Api.Application.csproj", "{94F4B4D8-950B-4597-94B4-61C9A6D58E63}"
EndProject
Project("{FAE04EC0-301F-11D3-BF4B-00C04F79EFBC}") = "POC.Grpc.App.Application", "src\POC.Grpc.App.Application\POC.Grpc.App.Application.csproj", "{F3AB396F-FCF9-4CC8-964C-B88017225A3C}"
EndProject
Global
	GlobalSection(SolutionConfigurationPlatforms) = preSolution
		Debug|Any CPU = Debug|Any CPU
		Release|Any CPU = Release|Any CPU
	EndGlobalSection
	GlobalSection(ProjectConfigurationPlatforms) = postSolution
		{E04D4912-F163-4E2A-9DD6-18FB909608FC}.Debug|Any CPU.ActiveCfg = Debug|Any CPU
		{E04D4912-F163-4E2A-9DD6-18FB909608FC}.Debug|Any CPU.Build.0 = Debug|Any CPU
		{E04D4912-F163-4E2A-9DD6-18FB909608FC}.Release|Any CPU.ActiveCfg = Release|Any CPU
		{E04D4912-F163-4E2A-9DD6-18FB909608FC}.Release|Any CPU.Build.0 = Release|Any CPU
		{94F4B4D8-950B-4597-94B4-61C9A6D58E63}.Debug|Any CPU.ActiveCfg = Debug|Any CPU
		{94F4B4D8-950B-4597-94B4-61C9A6D58E63}.Debug|Any CPU.Build.0 = Debug|Any CPU
		{94F4B4D8-950B-4597-94B4-61C9A6D58E63}.Release|Any CPU.ActiveCfg = Release|Any CPU
		{94F4B4D8-950B-4597-94B4-61C9A6D58E63}.Release|Any CPU.Build.0 = Release|Any CPU
		{F3AB396F-FCF9-4CC8-964C-B88017225A3C}.Debug|Any CPU.ActiveCfg = Debug|Any CPU
		{F3AB396F-FCF9-4CC8-964C-B88017225A3C}.Debug|Any CPU.Build.0 = Debug|Any CPU
		{F3AB396F-FCF9-4CC8-964C-B88017225A3C}.Release|Any CPU.ActiveCfg = Release|Any CPU
		{F3AB396F-FCF9-4CC8-964C-B88017225A3C}.Release|Any CPU.Build.0 = Release|Any CPU
	EndGlobalSection
	GlobalSection(SolutionProperties) = preSolution
		HideSolutionNode = FALSE
	EndGlobalSection
	GlobalSection(NestedProjects) = preSolution
		{B1EE0657-79B9-4C1E-AFB3-170AFBB2167E} = {A3EA6DB0-4403-49F1-A74A-0F11A826C1B3}
		{E04D4912-F163-4E2A-9DD6-18FB909608FC} = {3B5A73FA-C079-4A8D-9DE7-A936A918AA9E}
		{94F4B4D8-950B-4597-94B4-61C9A6D58E63} = {3B5A73FA-C079-4A8D-9DE7-A936A918AA9E}
		{F3AB396F-FCF9-4CC8-964C-B88017225A3C} = {3B5A73FA-C079-4A8D-9DE7-A936A918AA9E}
	EndGlobalSection
	GlobalSection(ExtensibilityGlobals) = postSolution
		SolutionGuid = {6C42A7F1-7375-405D-A24C-234CEA7BD670}
	EndGlobalSection
EndGlobal
