
Microsoft Visual Studio Solution File, Format Version 12.00
# Visual Studio Version 17
VisualStudioVersion = 17.1.32210.238
MinimumVisualStudioVersion = 10.0.40219.1
Project("{9A19103F-16F7-4668-BE54-9A1E7A4F7556}") = "POC.Grpc.Lib", "POC.Grpc.Lib\POC.Grpc.Lib.csproj", "{4FE68EF7-8A05-4EE9-B11E-3D5C0095026D}"
EndProject
Project("{2150E333-8FDC-42A3-9474-1A3956D46DE8}") = "1 - Lib", "1 - Lib", "{5A54C753-2DBC-4A80-9A0D-6131AC571C4F}"
EndProject
Project("{2150E333-8FDC-42A3-9474-1A3956D46DE8}") = "2 - Api", "2 - Api", "{2900F52A-B859-4847-B200-EE797878537A}"
EndProject
Project("{2150E333-8FDC-42A3-9474-1A3956D46DE8}") = "3 - WebApp", "3 - WebApp", "{C93577A8-D2E8-4354-A157-D48BBD973B1B}"
EndProject
Project("{2150E333-8FDC-42A3-9474-1A3956D46DE8}") = "4 - Test", "4 - Test", "{AEBB9A2C-820A-4452-92D6-0442DD2848E5}"
EndProject
Project("{9A19103F-16F7-4668-BE54-9A1E7A4F7556}") = "POC.Grpc.Api.Domain", "POC.Grpc.Api.Domain\POC.Grpc.Api.Domain.csproj", "{5E441038-726D-4B2F-8363-51E5690F6ADD}"
EndProject
Project("{9A19103F-16F7-4668-BE54-9A1E7A4F7556}") = "POC.Grpc.Api.Infra.Data", "POC.Grpc.Api.Infra.Data\POC.Grpc.Api.Infra.Data.csproj", "{9751A5DB-8158-4795-83AD-4A12BCD9CAB6}"
EndProject
Project("{9A19103F-16F7-4668-BE54-9A1E7A4F7556}") = "POC.Grpc.Api.Infra.Crosscuting", "POC.Grpc.Api.Infra.Crosscuting\POC.Grpc.Api.Infra.Crosscuting.csproj", "{B9D0283E-4710-4195-9F62-B9186FFB8BFC}"
EndProject
Project("{9A19103F-16F7-4668-BE54-9A1E7A4F7556}") = "POC.Grpc.App.Domain", "POC.Grpc.App.Domain\POC.Grpc.App.Domain.csproj", "{73848E35-7117-4E6A-93CA-BBBE483E40D3}"
EndProject
Project("{9A19103F-16F7-4668-BE54-9A1E7A4F7556}") = "POC.Grpc.App.Infra.Service", "POC.Grpc.App.Infra.Service\POC.Grpc.App.Infra.Service.csproj", "{5111ADFB-8542-4A6C-81D6-D6D4D6912C77}"
EndProject
Project("{9A19103F-16F7-4668-BE54-9A1E7A4F7556}") = "POC.Grpc.App.Infra.Crosscuting", "POC.Grpc.App.Infra.Crosscuting\POC.Grpc.App.Infra.Crosscuting.csproj", "{BFD2FDE0-69A9-4425-B06F-D5367FC8602B}"
EndProject
Project("{9A19103F-16F7-4668-BE54-9A1E7A4F7556}") = "POC.Grpc.Test.Base", "POC.Grpc.Test.Base\POC.Grpc.Test.Base.csproj", "{9F369BE4-A4DF-4B9F-9492-3E4136A627C9}"
EndProject
Project("{2150E333-8FDC-42A3-9474-1A3956D46DE8}") = "3.1 - Lib", "3.1 - Lib", "{C5547983-1A2F-4FE6-BFCB-1F184AFE51B5}"
EndProject
Project("{2150E333-8FDC-42A3-9474-1A3956D46DE8}") = "3.2 - Api", "3.2 - Api", "{DF3AEF5B-C446-4779-9CC8-03CCB94F572C}"
EndProject
Project("{2150E333-8FDC-42A3-9474-1A3956D46DE8}") = "3.3 - App", "3.3 - App", "{889BC47D-685B-41C2-89DD-8896A0358E78}"
EndProject
Project("{2150E333-8FDC-42A3-9474-1A3956D46DE8}") = "3.0 - Base", "3.0 - Base", "{63559018-838E-4A7A-B389-1CFF7C5838BB}"
EndProject
Project("{9A19103F-16F7-4668-BE54-9A1E7A4F7556}") = "POC.Grpc.Lib.Test.Unit", "POC.Grpc.Lib.Test.Unit\POC.Grpc.Lib.Test.Unit.csproj", "{97391E68-5EBA-4173-B5A0-9E2B03D1106E}"
EndProject
Project("{9A19103F-16F7-4668-BE54-9A1E7A4F7556}") = "POC.Grpc.Api.Domain.Test.Unit", "POC.Grpc.Api.Domain.Test.Unit\POC.Grpc.Api.Domain.Test.Unit.csproj", "{16C0245D-B4CA-47FA-9B8C-253B37C95355}"
EndProject
Project("{9A19103F-16F7-4668-BE54-9A1E7A4F7556}") = "POC.Grpc.Api.Infra.Data.Test.Unit", "POC.Grpc.Api.Infra.Data.Test.Unit\POC.Grpc.Api.Infra.Data.Test.Unit.csproj", "{8FA5126B-7C93-4331-BD23-54294CB4B78B}"
EndProject
Project("{9A19103F-16F7-4668-BE54-9A1E7A4F7556}") = "POC.Grpc.App.Domain.Test.Unit", "POC.Grpc.App.Domain.Test.Unit\POC.Grpc.App.Domain.Test.Unit.csproj", "{27BF7322-6F61-48A5-B4DC-710E66CFBDCD}"
EndProject
Project("{9A19103F-16F7-4668-BE54-9A1E7A4F7556}") = "POC.Grpc.App.Infra.Service.Test.Unit", "POC.Grpc.App.Infra.Service.Test.Unit\POC.Grpc.App.Infra.Service.Test.Unit.csproj", "{0070FCF0-E35C-464B-99C0-D9E519A963E4}"
EndProject
Project("{9A19103F-16F7-4668-BE54-9A1E7A4F7556}") = "POC.Grpc.Api.Application", "POC.Grpc.Api.Application\POC.Grpc.Api.Application.csproj", "{EDD0BB38-B485-48B8-AEEE-2A78AAE48D19}"
EndProject
Project("{9A19103F-16F7-4668-BE54-9A1E7A4F7556}") = "POC.Grpc.App.Application", "POC.Grpc.App.Application\POC.Grpc.App.Application.csproj", "{861279F1-782B-4866-90B3-4DABE9362DA0}"
EndProject
Project("{9A19103F-16F7-4668-BE54-9A1E7A4F7556}") = "POC.Grpc.Api.Application.Test.Unit", "POC.Grpc.Api.Application.Test.Unit\POC.Grpc.Api.Application.Test.Unit.csproj", "{E82D1DBE-7C89-43C3-B1A4-4B8EAAECB3E0}"
EndProject
Project("{9A19103F-16F7-4668-BE54-9A1E7A4F7556}") = "POC.Grpc.Api.Application.Test.Integration", "POC.Grpc.Api.Application.Test.Integration\POC.Grpc.Api.Application.Test.Integration.csproj", "{5FEC1940-71A8-4609-9A76-A00827E5BAE7}"
EndProject
Project("{2150E333-8FDC-42A3-9474-1A3956D46DE8}") = "2.1 - Application", "2.1 - Application", "{F6236C8A-81B9-4922-ACE9-FAB834A55E28}"
EndProject
Project("{2150E333-8FDC-42A3-9474-1A3956D46DE8}") = "2.2 - Domain", "2.2 - Domain", "{A0221B1A-074A-422E-870F-832B9143066C}"
EndProject
Project("{2150E333-8FDC-42A3-9474-1A3956D46DE8}") = "2.3 - Infra", "2.3 - Infra", "{BDAEF59C-5EE5-4F7F-B572-38D3D9191F40}"
EndProject
Project("{2150E333-8FDC-42A3-9474-1A3956D46DE8}") = "3.1 - Application", "3.1 - Application", "{384BD453-0532-4CDC-896F-C071A3894CC6}"
EndProject
Project("{2150E333-8FDC-42A3-9474-1A3956D46DE8}") = "3.2 - Domain", "3.2 - Domain", "{783C84D2-ED04-44DC-B818-0218FE4CE6D2}"
EndProject
Project("{2150E333-8FDC-42A3-9474-1A3956D46DE8}") = "3.3 - Infra", "3.3 - Infra", "{B6FCD619-880A-4ED0-8505-1ACAAFAC60BA}"
EndProject
Project("{2150E333-8FDC-42A3-9474-1A3956D46DE8}") = "3.2.1 - Application", "3.2.1 - Application", "{FB6B71E3-129C-427E-BDE1-657D960CE833}"
EndProject
Project("{2150E333-8FDC-42A3-9474-1A3956D46DE8}") = "3.2.2 - Domain", "3.2.2 - Domain", "{3A253788-5FA9-44C1-B1F6-E6C45D756C8C}"
EndProject
Project("{2150E333-8FDC-42A3-9474-1A3956D46DE8}") = "3.2.3 - Infra", "3.2.3 - Infra", "{C5AB3A28-99B8-4CE2-9034-BD613636E36F}"
EndProject
Project("{2150E333-8FDC-42A3-9474-1A3956D46DE8}") = "3.3.2 - Domain", "3.3.2 - Domain", "{98074CE1-67B0-4533-BF92-40A585065BAB}"
EndProject
Project("{2150E333-8FDC-42A3-9474-1A3956D46DE8}") = "3.3.3 - Infra", "3.3.3 - Infra", "{865029F4-2D3E-457F-B403-0D381F2D5529}"
EndProject
Global
	GlobalSection(SolutionConfigurationPlatforms) = preSolution
		Debug|Any CPU = Debug|Any CPU
		Release|Any CPU = Release|Any CPU
	EndGlobalSection
	GlobalSection(ProjectConfigurationPlatforms) = postSolution
		{4FE68EF7-8A05-4EE9-B11E-3D5C0095026D}.Debug|Any CPU.ActiveCfg = Debug|Any CPU
		{4FE68EF7-8A05-4EE9-B11E-3D5C0095026D}.Debug|Any CPU.Build.0 = Debug|Any CPU
		{4FE68EF7-8A05-4EE9-B11E-3D5C0095026D}.Release|Any CPU.ActiveCfg = Release|Any CPU
		{4FE68EF7-8A05-4EE9-B11E-3D5C0095026D}.Release|Any CPU.Build.0 = Release|Any CPU
		{5E441038-726D-4B2F-8363-51E5690F6ADD}.Debug|Any CPU.ActiveCfg = Debug|Any CPU
		{5E441038-726D-4B2F-8363-51E5690F6ADD}.Debug|Any CPU.Build.0 = Debug|Any CPU
		{5E441038-726D-4B2F-8363-51E5690F6ADD}.Release|Any CPU.ActiveCfg = Release|Any CPU
		{5E441038-726D-4B2F-8363-51E5690F6ADD}.Release|Any CPU.Build.0 = Release|Any CPU
		{9751A5DB-8158-4795-83AD-4A12BCD9CAB6}.Debug|Any CPU.ActiveCfg = Debug|Any CPU
		{9751A5DB-8158-4795-83AD-4A12BCD9CAB6}.Debug|Any CPU.Build.0 = Debug|Any CPU
		{9751A5DB-8158-4795-83AD-4A12BCD9CAB6}.Release|Any CPU.ActiveCfg = Release|Any CPU
		{9751A5DB-8158-4795-83AD-4A12BCD9CAB6}.Release|Any CPU.Build.0 = Release|Any CPU
		{B9D0283E-4710-4195-9F62-B9186FFB8BFC}.Debug|Any CPU.ActiveCfg = Debug|Any CPU
		{B9D0283E-4710-4195-9F62-B9186FFB8BFC}.Debug|Any CPU.Build.0 = Debug|Any CPU
		{B9D0283E-4710-4195-9F62-B9186FFB8BFC}.Release|Any CPU.ActiveCfg = Release|Any CPU
		{B9D0283E-4710-4195-9F62-B9186FFB8BFC}.Release|Any CPU.Build.0 = Release|Any CPU
		{73848E35-7117-4E6A-93CA-BBBE483E40D3}.Debug|Any CPU.ActiveCfg = Debug|Any CPU
		{73848E35-7117-4E6A-93CA-BBBE483E40D3}.Debug|Any CPU.Build.0 = Debug|Any CPU
		{73848E35-7117-4E6A-93CA-BBBE483E40D3}.Release|Any CPU.ActiveCfg = Release|Any CPU
		{73848E35-7117-4E6A-93CA-BBBE483E40D3}.Release|Any CPU.Build.0 = Release|Any CPU
		{5111ADFB-8542-4A6C-81D6-D6D4D6912C77}.Debug|Any CPU.ActiveCfg = Debug|Any CPU
		{5111ADFB-8542-4A6C-81D6-D6D4D6912C77}.Debug|Any CPU.Build.0 = Debug|Any CPU
		{5111ADFB-8542-4A6C-81D6-D6D4D6912C77}.Release|Any CPU.ActiveCfg = Release|Any CPU
		{5111ADFB-8542-4A6C-81D6-D6D4D6912C77}.Release|Any CPU.Build.0 = Release|Any CPU
		{BFD2FDE0-69A9-4425-B06F-D5367FC8602B}.Debug|Any CPU.ActiveCfg = Debug|Any CPU
		{BFD2FDE0-69A9-4425-B06F-D5367FC8602B}.Debug|Any CPU.Build.0 = Debug|Any CPU
		{BFD2FDE0-69A9-4425-B06F-D5367FC8602B}.Release|Any CPU.ActiveCfg = Release|Any CPU
		{BFD2FDE0-69A9-4425-B06F-D5367FC8602B}.Release|Any CPU.Build.0 = Release|Any CPU
		{9F369BE4-A4DF-4B9F-9492-3E4136A627C9}.Debug|Any CPU.ActiveCfg = Debug|Any CPU
		{9F369BE4-A4DF-4B9F-9492-3E4136A627C9}.Debug|Any CPU.Build.0 = Debug|Any CPU
		{9F369BE4-A4DF-4B9F-9492-3E4136A627C9}.Release|Any CPU.ActiveCfg = Release|Any CPU
		{9F369BE4-A4DF-4B9F-9492-3E4136A627C9}.Release|Any CPU.Build.0 = Release|Any CPU
		{97391E68-5EBA-4173-B5A0-9E2B03D1106E}.Debug|Any CPU.ActiveCfg = Debug|Any CPU
		{97391E68-5EBA-4173-B5A0-9E2B03D1106E}.Debug|Any CPU.Build.0 = Debug|Any CPU
		{97391E68-5EBA-4173-B5A0-9E2B03D1106E}.Release|Any CPU.ActiveCfg = Release|Any CPU
		{97391E68-5EBA-4173-B5A0-9E2B03D1106E}.Release|Any CPU.Build.0 = Release|Any CPU
		{16C0245D-B4CA-47FA-9B8C-253B37C95355}.Debug|Any CPU.ActiveCfg = Debug|Any CPU
		{16C0245D-B4CA-47FA-9B8C-253B37C95355}.Debug|Any CPU.Build.0 = Debug|Any CPU
		{16C0245D-B4CA-47FA-9B8C-253B37C95355}.Release|Any CPU.ActiveCfg = Release|Any CPU
		{16C0245D-B4CA-47FA-9B8C-253B37C95355}.Release|Any CPU.Build.0 = Release|Any CPU
		{8FA5126B-7C93-4331-BD23-54294CB4B78B}.Debug|Any CPU.ActiveCfg = Debug|Any CPU
		{8FA5126B-7C93-4331-BD23-54294CB4B78B}.Debug|Any CPU.Build.0 = Debug|Any CPU
		{8FA5126B-7C93-4331-BD23-54294CB4B78B}.Release|Any CPU.ActiveCfg = Release|Any CPU
		{8FA5126B-7C93-4331-BD23-54294CB4B78B}.Release|Any CPU.Build.0 = Release|Any CPU
		{27BF7322-6F61-48A5-B4DC-710E66CFBDCD}.Debug|Any CPU.ActiveCfg = Debug|Any CPU
		{27BF7322-6F61-48A5-B4DC-710E66CFBDCD}.Debug|Any CPU.Build.0 = Debug|Any CPU
		{27BF7322-6F61-48A5-B4DC-710E66CFBDCD}.Release|Any CPU.ActiveCfg = Release|Any CPU
		{27BF7322-6F61-48A5-B4DC-710E66CFBDCD}.Release|Any CPU.Build.0 = Release|Any CPU
		{0070FCF0-E35C-464B-99C0-D9E519A963E4}.Debug|Any CPU.ActiveCfg = Debug|Any CPU
		{0070FCF0-E35C-464B-99C0-D9E519A963E4}.Debug|Any CPU.Build.0 = Debug|Any CPU
		{0070FCF0-E35C-464B-99C0-D9E519A963E4}.Release|Any CPU.ActiveCfg = Release|Any CPU
		{0070FCF0-E35C-464B-99C0-D9E519A963E4}.Release|Any CPU.Build.0 = Release|Any CPU
		{EDD0BB38-B485-48B8-AEEE-2A78AAE48D19}.Debug|Any CPU.ActiveCfg = Debug|Any CPU
		{EDD0BB38-B485-48B8-AEEE-2A78AAE48D19}.Debug|Any CPU.Build.0 = Debug|Any CPU
		{EDD0BB38-B485-48B8-AEEE-2A78AAE48D19}.Release|Any CPU.ActiveCfg = Release|Any CPU
		{EDD0BB38-B485-48B8-AEEE-2A78AAE48D19}.Release|Any CPU.Build.0 = Release|Any CPU
		{861279F1-782B-4866-90B3-4DABE9362DA0}.Debug|Any CPU.ActiveCfg = Debug|Any CPU
		{861279F1-782B-4866-90B3-4DABE9362DA0}.Debug|Any CPU.Build.0 = Debug|Any CPU
		{861279F1-782B-4866-90B3-4DABE9362DA0}.Release|Any CPU.ActiveCfg = Release|Any CPU
		{861279F1-782B-4866-90B3-4DABE9362DA0}.Release|Any CPU.Build.0 = Release|Any CPU
		{E82D1DBE-7C89-43C3-B1A4-4B8EAAECB3E0}.Debug|Any CPU.ActiveCfg = Debug|Any CPU
		{E82D1DBE-7C89-43C3-B1A4-4B8EAAECB3E0}.Debug|Any CPU.Build.0 = Debug|Any CPU
		{E82D1DBE-7C89-43C3-B1A4-4B8EAAECB3E0}.Release|Any CPU.ActiveCfg = Release|Any CPU
		{E82D1DBE-7C89-43C3-B1A4-4B8EAAECB3E0}.Release|Any CPU.Build.0 = Release|Any CPU
		{5FEC1940-71A8-4609-9A76-A00827E5BAE7}.Debug|Any CPU.ActiveCfg = Debug|Any CPU
		{5FEC1940-71A8-4609-9A76-A00827E5BAE7}.Debug|Any CPU.Build.0 = Debug|Any CPU
		{5FEC1940-71A8-4609-9A76-A00827E5BAE7}.Release|Any CPU.ActiveCfg = Release|Any CPU
		{5FEC1940-71A8-4609-9A76-A00827E5BAE7}.Release|Any CPU.Build.0 = Release|Any CPU
	EndGlobalSection
	GlobalSection(SolutionProperties) = preSolution
		HideSolutionNode = FALSE
	EndGlobalSection
	GlobalSection(NestedProjects) = preSolution
		{4FE68EF7-8A05-4EE9-B11E-3D5C0095026D} = {5A54C753-2DBC-4A80-9A0D-6131AC571C4F}
		{5E441038-726D-4B2F-8363-51E5690F6ADD} = {A0221B1A-074A-422E-870F-832B9143066C}
		{9751A5DB-8158-4795-83AD-4A12BCD9CAB6} = {BDAEF59C-5EE5-4F7F-B572-38D3D9191F40}
		{B9D0283E-4710-4195-9F62-B9186FFB8BFC} = {BDAEF59C-5EE5-4F7F-B572-38D3D9191F40}
		{73848E35-7117-4E6A-93CA-BBBE483E40D3} = {783C84D2-ED04-44DC-B818-0218FE4CE6D2}
		{5111ADFB-8542-4A6C-81D6-D6D4D6912C77} = {B6FCD619-880A-4ED0-8505-1ACAAFAC60BA}
		{BFD2FDE0-69A9-4425-B06F-D5367FC8602B} = {B6FCD619-880A-4ED0-8505-1ACAAFAC60BA}
		{9F369BE4-A4DF-4B9F-9492-3E4136A627C9} = {63559018-838E-4A7A-B389-1CFF7C5838BB}
		{C5547983-1A2F-4FE6-BFCB-1F184AFE51B5} = {AEBB9A2C-820A-4452-92D6-0442DD2848E5}
		{DF3AEF5B-C446-4779-9CC8-03CCB94F572C} = {AEBB9A2C-820A-4452-92D6-0442DD2848E5}
		{889BC47D-685B-41C2-89DD-8896A0358E78} = {AEBB9A2C-820A-4452-92D6-0442DD2848E5}
		{63559018-838E-4A7A-B389-1CFF7C5838BB} = {AEBB9A2C-820A-4452-92D6-0442DD2848E5}
		{97391E68-5EBA-4173-B5A0-9E2B03D1106E} = {C5547983-1A2F-4FE6-BFCB-1F184AFE51B5}
		{16C0245D-B4CA-47FA-9B8C-253B37C95355} = {3A253788-5FA9-44C1-B1F6-E6C45D756C8C}
		{8FA5126B-7C93-4331-BD23-54294CB4B78B} = {C5AB3A28-99B8-4CE2-9034-BD613636E36F}
		{27BF7322-6F61-48A5-B4DC-710E66CFBDCD} = {98074CE1-67B0-4533-BF92-40A585065BAB}
		{0070FCF0-E35C-464B-99C0-D9E519A963E4} = {865029F4-2D3E-457F-B403-0D381F2D5529}
		{EDD0BB38-B485-48B8-AEEE-2A78AAE48D19} = {F6236C8A-81B9-4922-ACE9-FAB834A55E28}
		{861279F1-782B-4866-90B3-4DABE9362DA0} = {384BD453-0532-4CDC-896F-C071A3894CC6}
		{E82D1DBE-7C89-43C3-B1A4-4B8EAAECB3E0} = {FB6B71E3-129C-427E-BDE1-657D960CE833}
		{5FEC1940-71A8-4609-9A76-A00827E5BAE7} = {FB6B71E3-129C-427E-BDE1-657D960CE833}
		{F6236C8A-81B9-4922-ACE9-FAB834A55E28} = {2900F52A-B859-4847-B200-EE797878537A}
		{A0221B1A-074A-422E-870F-832B9143066C} = {2900F52A-B859-4847-B200-EE797878537A}
		{BDAEF59C-5EE5-4F7F-B572-38D3D9191F40} = {2900F52A-B859-4847-B200-EE797878537A}
		{384BD453-0532-4CDC-896F-C071A3894CC6} = {C93577A8-D2E8-4354-A157-D48BBD973B1B}
		{783C84D2-ED04-44DC-B818-0218FE4CE6D2} = {C93577A8-D2E8-4354-A157-D48BBD973B1B}
		{B6FCD619-880A-4ED0-8505-1ACAAFAC60BA} = {C93577A8-D2E8-4354-A157-D48BBD973B1B}
		{FB6B71E3-129C-427E-BDE1-657D960CE833} = {DF3AEF5B-C446-4779-9CC8-03CCB94F572C}
		{3A253788-5FA9-44C1-B1F6-E6C45D756C8C} = {DF3AEF5B-C446-4779-9CC8-03CCB94F572C}
		{C5AB3A28-99B8-4CE2-9034-BD613636E36F} = {DF3AEF5B-C446-4779-9CC8-03CCB94F572C}
		{98074CE1-67B0-4533-BF92-40A585065BAB} = {889BC47D-685B-41C2-89DD-8896A0358E78}
		{865029F4-2D3E-457F-B403-0D381F2D5529} = {889BC47D-685B-41C2-89DD-8896A0358E78}
	EndGlobalSection
	GlobalSection(ExtensibilityGlobals) = postSolution
		SolutionGuid = {6C42A7F1-7375-405D-A24C-234CEA7BD670}
	EndGlobalSection
EndGlobal
